
Microsoft Visual Studio Solution File, Format Version 12.00
# Visual Studio Version 16
VisualStudioVersion = 16.0.29319.158
MinimumVisualStudioVersion = 10.0.40219.1
Project("{FAE04EC0-301F-11D3-BF4B-00C04F79EFBC}") = "wordpress2jekyll", "wordpress2jekyll\wordpress2jekyll.csproj", "{215EF0FA-D989-4950-82A3-60B992449425}"
EndProject
Global
	GlobalSection(SolutionConfigurationPlatforms) = preSolution
		Debug|Any CPU = Debug|Any CPU
		Release|Any CPU = Release|Any CPU
	EndGlobalSection
	GlobalSection(ProjectConfigurationPlatforms) = postSolution
		{215EF0FA-D989-4950-82A3-60B992449425}.Debug|Any CPU.ActiveCfg = Debug|Any CPU
		{215EF0FA-D989-4950-82A3-60B992449425}.Debug|Any CPU.Build.0 = Debug|Any CPU
		{215EF0FA-D989-4950-82A3-60B992449425}.Release|Any CPU.ActiveCfg = Release|Any CPU
		{215EF0FA-D989-4950-82A3-60B992449425}.Release|Any CPU.Build.0 = Release|Any CPU
	EndGlobalSection
	GlobalSection(SolutionProperties) = preSolution
		HideSolutionNode = FALSE
	EndGlobalSection
	GlobalSection(ExtensibilityGlobals) = postSolution
		SolutionGuid = {E5BF042E-E725-48CE-97EC-BAA03DCED2F5}
	EndGlobalSection
EndGlobal
